
Microsoft Visual Studio Solution File, Format Version 12.00
# Visual Studio Version 17
VisualStudioVersion = 17.12.35707.178
MinimumVisualStudioVersion = 10.0.40219.1
Project("{FAE04EC0-301F-11D3-BF4B-00C04F79EFBC}") = "TestOgSikkerhed", "TestOgSikkerhed\TestOgSikkerhed.csproj", "{355AD172-27F8-4FA6-B95E-E4E9BC495E1A}"
EndProject
Global
	GlobalSection(SolutionConfigurationPlatforms) = preSolution
		Debug|Any CPU = Debug|Any CPU
		Release|Any CPU = Release|Any CPU
	EndGlobalSection
	GlobalSection(ProjectConfigurationPlatforms) = postSolution
		{355AD172-27F8-4FA6-B95E-E4E9BC495E1A}.Debug|Any CPU.ActiveCfg = Debug|Any CPU
		{355AD172-27F8-4FA6-B95E-E4E9BC495E1A}.Debug|Any CPU.Build.0 = Debug|Any CPU
		{355AD172-27F8-4FA6-B95E-E4E9BC495E1A}.Release|Any CPU.ActiveCfg = Release|Any CPU
		{355AD172-27F8-4FA6-B95E-E4E9BC495E1A}.Release|Any CPU.Build.0 = Release|Any CPU
	EndGlobalSection
	GlobalSection(SolutionProperties) = preSolution
		HideSolutionNode = FALSE
	EndGlobalSection
	GlobalSection(ExtensibilityGlobals) = postSolution
		SolutionGuid = {ED427C56-24FF-47FE-BFBC-CD376D961C5B}
	EndGlobalSection
EndGlobal
